{
  "name": "superset",
  "version": "0.19.0",
  "lockfileVersion": 1,
  "requires": true,
  "dependencies": {
    "babel-runtime": {
      "version": "5.8.38",
      "resolved": "http://registry.npm.taobao.org/babel-runtime/download/babel-runtime-5.8.38.tgz",
      "integrity": "sha1-HAsC62MxL18If/IEUIJ7QlydTBk=",
      "requires": {
        "core-js": "1.2.7"
      }
    },
    "bootstrap-daterangepicker": {
      "version": "2.1.25",
      "resolved": "http://registry.npm.taobao.org/bootstrap-daterangepicker/download/bootstrap-daterangepicker-2.1.25.tgz",
      "integrity": "sha1-/Ni6C3VaBU0zDXo7fE3Yu4Vc/7c=",
      "requires": {
        "jquery": "3.2.1",
        "moment": "2.18.1"
      },
      "dependencies": {
        "jquery": {
          "version": "3.2.1",
          "resolved": "http://registry.npm.taobao.org/jquery/download/jquery-3.2.1.tgz",
          "integrity": "sha1-XE2d5lKvbNCncBVKYxu6ErAVx4c="
        },
        "moment": {
          "version": "2.18.1",
          "resolved": "http://registry.npm.taobao.org/moment/download/moment-2.18.1.tgz",
          "integrity": "sha1-w2GT3Tzhwu7SrbfIAtu8d6gbHA8="
        }
      }
    },
    "core-js": {
      "version": "1.2.7",
      "resolved": "http://registry.npm.taobao.org/core-js/download/core-js-1.2.7.tgz",
      "integrity": "sha1-ZSKUwUZR2yj6k70tX/KYOk8IxjY="
    },
    "jed": {
      "version": "1.1.1",
      "resolved": "http://registry.npm.taobao.org/jed/download/jed-1.1.1.tgz",
      "integrity": "sha1-elSbvZ/+FYWwzQoZHiAwVb7ldLQ="
    },
    "react-bootstrap-datetimerangepicker": {
      "version": "2.0.4",
      "resolved": "http://registry.npm.taobao.org/react-bootstrap-datetimerangepicker/download/react-bootstrap-datetimerangepicker-2.0.4.tgz",
      "integrity": "sha1-7xZ9ZheLp1omQL+hiVJiKfBGrvM=",
      "requires": {
        "babel-runtime": "5.8.38",
        "classnames": "2.2.5"
      },
      "dependencies": {
        "classnames": {
          "version": "2.2.5",
          "resolved": "http://registry.npm.taobao.org/classnames/download/classnames-2.2.5.tgz",
          "integrity": "sha1-+zgB1FNGdknvNgPH1hoCvRKb3m0="
        }
      }
    }
  }
}
